
Microsoft Visual Studio Solution File, Format Version 12.00
# Visual Studio Version 17
VisualStudioVersion = 17.9.34728.123
MinimumVisualStudioVersion = 10.0.40219.1
Project("{9A19103F-16F7-4668-BE54-9A1E7A4F7556}") = "Plagins", "Plagins.csproj", "{9D99ACE2-3DBC-4F65-B8C5-878B2E1BFF2A}"
EndProject
Project("{9A19103F-16F7-4668-BE54-9A1E7A4F7556}") = "CatsClassLibrary", "..\CatsClassLibrary\CatsClassLibrary.csproj", "{4CB5B0E8-B5B3-4974-A3C7-115CEAD1A9DF}"
EndProject
Project("{9A19103F-16F7-4668-BE54-9A1E7A4F7556}") = "Interface", "..\Interface\Interface.csproj", "{10731514-FE1D-441F-A370-5AD5FBF6124C}"
EndProject
Project("{9A19103F-16F7-4668-BE54-9A1E7A4F7556}") = "MeowClassLibrary", "..\MeowClassLibrary\MeowClassLibrary.csproj", "{581C4FEA-1610-4A4C-92E1-0489A4586992}"
EndProject
Project("{FAE04EC0-301F-11D3-BF4B-00C04F79EFBC}") = "PlusClassLibrary", "..\PlusClassLibrary\PlusClassLibrary.csproj", "{CC8EB9A3-AAF0-4342-A533-12A948AF272B}"
EndProject
Global
	GlobalSection(SolutionConfigurationPlatforms) = preSolution
		Debug|Any CPU = Debug|Any CPU
		Release|Any CPU = Release|Any CPU
	EndGlobalSection
	GlobalSection(ProjectConfigurationPlatforms) = postSolution
		{9D99ACE2-3DBC-4F65-B8C5-878B2E1BFF2A}.Debug|Any CPU.ActiveCfg = Debug|Any CPU
		{9D99ACE2-3DBC-4F65-B8C5-878B2E1BFF2A}.Debug|Any CPU.Build.0 = Debug|Any CPU
		{9D99ACE2-3DBC-4F65-B8C5-878B2E1BFF2A}.Release|Any CPU.ActiveCfg = Release|Any CPU
		{9D99ACE2-3DBC-4F65-B8C5-878B2E1BFF2A}.Release|Any CPU.Build.0 = Release|Any CPU
		{4CB5B0E8-B5B3-4974-A3C7-115CEAD1A9DF}.Debug|Any CPU.ActiveCfg = Debug|Any CPU
		{4CB5B0E8-B5B3-4974-A3C7-115CEAD1A9DF}.Debug|Any CPU.Build.0 = Debug|Any CPU
		{4CB5B0E8-B5B3-4974-A3C7-115CEAD1A9DF}.Release|Any CPU.ActiveCfg = Release|Any CPU
		{4CB5B0E8-B5B3-4974-A3C7-115CEAD1A9DF}.Release|Any CPU.Build.0 = Release|Any CPU
		{10731514-FE1D-441F-A370-5AD5FBF6124C}.Debug|Any CPU.ActiveCfg = Debug|Any CPU
		{10731514-FE1D-441F-A370-5AD5FBF6124C}.Debug|Any CPU.Build.0 = Debug|Any CPU
		{10731514-FE1D-441F-A370-5AD5FBF6124C}.Release|Any CPU.ActiveCfg = Release|Any CPU
		{10731514-FE1D-441F-A370-5AD5FBF6124C}.Release|Any CPU.Build.0 = Release|Any CPU
		{581C4FEA-1610-4A4C-92E1-0489A4586992}.Debug|Any CPU.ActiveCfg = Debug|Any CPU
		{581C4FEA-1610-4A4C-92E1-0489A4586992}.Debug|Any CPU.Build.0 = Debug|Any CPU
		{581C4FEA-1610-4A4C-92E1-0489A4586992}.Release|Any CPU.ActiveCfg = Release|Any CPU
		{581C4FEA-1610-4A4C-92E1-0489A4586992}.Release|Any CPU.Build.0 = Release|Any CPU
		{CC8EB9A3-AAF0-4342-A533-12A948AF272B}.Debug|Any CPU.ActiveCfg = Debug|Any CPU
		{CC8EB9A3-AAF0-4342-A533-12A948AF272B}.Debug|Any CPU.Build.0 = Debug|Any CPU
		{CC8EB9A3-AAF0-4342-A533-12A948AF272B}.Release|Any CPU.ActiveCfg = Release|Any CPU
		{CC8EB9A3-AAF0-4342-A533-12A948AF272B}.Release|Any CPU.Build.0 = Release|Any CPU
	EndGlobalSection
	GlobalSection(SolutionProperties) = preSolution
		HideSolutionNode = FALSE
	EndGlobalSection
	GlobalSection(ExtensibilityGlobals) = postSolution
		SolutionGuid = {0AD1DB85-F130-4465-8C08-50593C8FBB7D}
	EndGlobalSection
EndGlobal
